// !$*UTF8*$!
{
	archiveVersion = 1;
	classes = {
	};
	objectVersion = 55;
	objects = {

/* Begin PBXBuildFile section */
		A26D2E9594EA6AA07BC8EF23 /* Pods_JapanQ.framework in Frameworks */ = {isa = PBXBuildFile; fileRef = B95D64678CF7429C188F2066 /* Pods_JapanQ.framework */; };
		EB07ABD92971356700792AA3 /* ShowPostViewController.swift in Sources */ = {isa = PBXBuildFile; fileRef = EB07ABD82971356700792AA3 /* ShowPostViewController.swift */; };
		EB0CFDDC297F1581005ABBF6 /* ComentsViewController.swift in Sources */ = {isa = PBXBuildFile; fileRef = EB0CFDDB297F1581005ABBF6 /* ComentsViewController.swift */; };
		EB1EE8C12944249B006ED107 /* AppDelegate.swift in Sources */ = {isa = PBXBuildFile; fileRef = EB1EE8C02944249B006ED107 /* AppDelegate.swift */; };
		EB1EE8C32944249B006ED107 /* SceneDelegate.swift in Sources */ = {isa = PBXBuildFile; fileRef = EB1EE8C22944249B006ED107 /* SceneDelegate.swift */; };
		EB1EE8C82944249B006ED107 /* Main.storyboard in Resources */ = {isa = PBXBuildFile; fileRef = EB1EE8C62944249B006ED107 /* Main.storyboard */; };
		EB1EE8CD2944249C006ED107 /* LaunchScreen.storyboard in Resources */ = {isa = PBXBuildFile; fileRef = EB1EE8CB2944249C006ED107 /* LaunchScreen.storyboard */; };
		EB1EE8D52944E87F006ED107 /* LoginViewController.swift in Sources */ = {isa = PBXBuildFile; fileRef = EB1EE8D42944E87F006ED107 /* LoginViewController.swift */; };
		EB1EE8D72944E88E006ED107 /* HomeViewController.swift in Sources */ = {isa = PBXBuildFile; fileRef = EB1EE8D62944E88E006ED107 /* HomeViewController.swift */; };
		EB1EE8DB2944E947006ED107 /* LibraryViewController.swift in Sources */ = {isa = PBXBuildFile; fileRef = EB1EE8DA2944E947006ED107 /* LibraryViewController.swift */; };
		EB1EE8DD2944E95B006ED107 /* SettingViewController.swift in Sources */ = {isa = PBXBuildFile; fileRef = EB1EE8DC2944E95B006ED107 /* SettingViewController.swift */; };
		EB1EE8DF2944E9E3006ED107 /* NewAccountViewController.swift in Sources */ = {isa = PBXBuildFile; fileRef = EB1EE8DE2944E9E3006ED107 /* NewAccountViewController.swift */; };
		EB1EE8E12945B1AF006ED107 /* ProfileViewController.swift in Sources */ = {isa = PBXBuildFile; fileRef = EB1EE8E02945B1AF006ED107 /* ProfileViewController.swift */; };
		EB3D931D2983F2BA002D306C /* Assets.xcassets in Resources */ = {isa = PBXBuildFile; fileRef = EB1EE8C92944249C006ED107 /* Assets.xcassets */; };
		EB41E1AE296C41E800EBAF38 /* Const.swift in Sources */ = {isa = PBXBuildFile; fileRef = EB41E1AD296C41E800EBAF38 /* Const.swift */; };
		EB41E1B3296D656B00EBAF38 /* CollectionViewCell.swift in Sources */ = {isa = PBXBuildFile; fileRef = EB41E1B1296D656B00EBAF38 /* CollectionViewCell.swift */; };
		EB41E1B4296D656B00EBAF38 /* CollectionViewCell.xib in Resources */ = {isa = PBXBuildFile; fileRef = EB41E1B2296D656B00EBAF38 /* CollectionViewCell.xib */; };
		EB41E1B6296D712D00EBAF38 /* PostData.swift in Sources */ = {isa = PBXBuildFile; fileRef = EB41E1B5296D712D00EBAF38 /* PostData.swift */; };
		EB54B5C92946C7EF00174065 /* TabBarController.swift in Sources */ = {isa = PBXBuildFile; fileRef = EB54B5C82946C7EF00174065 /* TabBarController.swift */; };
		EB54B5CB2946E8EE00174065 /* UIColorHex.swift in Sources */ = {isa = PBXBuildFile; fileRef = EB54B5CA2946E8EE00174065 /* UIColorHex.swift */; };
		EB54B5D1294C0C2800174065 /* GoogleService-Info.plist in Resources */ = {isa = PBXBuildFile; fileRef = EB54B5D0294C0C2800174065 /* GoogleService-Info.plist */; };
		EB8E75F1296553F200C419BE /* PostViewController.swift in Sources */ = {isa = PBXBuildFile; fileRef = EB8E75F0296553F200C419BE /* PostViewController.swift */; };
		EB8E75F32966F1CA00C419BE /* CompletePostViewController.swift in Sources */ = {isa = PBXBuildFile; fileRef = EB8E75F22966F1CA00C419BE /* CompletePostViewController.swift */; };
		EBE77E87295490E000AEC826 /* PopoverViewController.swift in Sources */ = {isa = PBXBuildFile; fileRef = EBE77E86295490E000AEC826 /* PopoverViewController.swift */; };
		EBFA0AE8294CAF6700334BC0 /* NavigationViewController.swift in Sources */ = {isa = PBXBuildFile; fileRef = EBFA0AE7294CAF6700334BC0 /* NavigationViewController.swift */; };
/* End PBXBuildFile section */

/* Begin PBXFileReference section */
		42414FD7D0BE6E2AE2150E6B /* Pods-SwiftQ.debug.xcconfig */ = {isa = PBXFileReference; includeInIndex = 1; lastKnownFileType = text.xcconfig; name = "Pods-SwiftQ.debug.xcconfig"; path = "Target Support Files/Pods-SwiftQ/Pods-SwiftQ.debug.xcconfig"; sourceTree = "<group>"; };
		6C723140CE6647F9B4260351 /* Pods-JapanQ.debug.xcconfig */ = {isa = PBXFileReference; includeInIndex = 1; lastKnownFileType = text.xcconfig; name = "Pods-JapanQ.debug.xcconfig"; path = "Target Support Files/Pods-JapanQ/Pods-JapanQ.debug.xcconfig"; sourceTree = "<group>"; };
		9AD76F4E4323BC11B3CE14EF /* Pods-JapanQ.release.xcconfig */ = {isa = PBXFileReference; includeInIndex = 1; lastKnownFileType = text.xcconfig; name = "Pods-JapanQ.release.xcconfig"; path = "Target Support Files/Pods-JapanQ/Pods-JapanQ.release.xcconfig"; sourceTree = "<group>"; };
		9C93921C111DC5DB2CD59CF6 /* Pods-SwiftQ.release.xcconfig */ = {isa = PBXFileReference; includeInIndex = 1; lastKnownFileType = text.xcconfig; name = "Pods-SwiftQ.release.xcconfig"; path = "Target Support Files/Pods-SwiftQ/Pods-SwiftQ.release.xcconfig"; sourceTree = "<group>"; };
		B95D64678CF7429C188F2066 /* Pods_JapanQ.framework */ = {isa = PBXFileReference; explicitFileType = wrapper.framework; includeInIndex = 0; path = Pods_JapanQ.framework; sourceTree = BUILT_PRODUCTS_DIR; };
		EB07ABD82971356700792AA3 /* ShowPostViewController.swift */ = {isa = PBXFileReference; lastKnownFileType = sourcecode.swift; path = ShowPostViewController.swift; sourceTree = "<group>"; };
		EB0CFDDB297F1581005ABBF6 /* ComentsViewController.swift */ = {isa = PBXFileReference; lastKnownFileType = sourcecode.swift; path = ComentsViewController.swift; sourceTree = "<group>"; };
		EB1EE8BD2944249B006ED107 /* JapanQ.app */ = {isa = PBXFileReference; explicitFileType = wrapper.application; includeInIndex = 0; path = JapanQ.app; sourceTree = BUILT_PRODUCTS_DIR; };
		EB1EE8C02944249B006ED107 /* AppDelegate.swift */ = {isa = PBXFileReference; lastKnownFileType = sourcecode.swift; path = AppDelegate.swift; sourceTree = "<group>"; };
		EB1EE8C22944249B006ED107 /* SceneDelegate.swift */ = {isa = PBXFileReference; lastKnownFileType = sourcecode.swift; path = SceneDelegate.swift; sourceTree = "<group>"; };
		EB1EE8C72944249B006ED107 /* Base */ = {isa = PBXFileReference; lastKnownFileType = file.storyboard; name = Base; path = Base.lproj/Main.storyboard; sourceTree = "<group>"; };
		EB1EE8C92944249C006ED107 /* Assets.xcassets */ = {isa = PBXFileReference; lastKnownFileType = folder.assetcatalog; path = Assets.xcassets; sourceTree = "<group>"; };
		EB1EE8CC2944249C006ED107 /* Base */ = {isa = PBXFileReference; lastKnownFileType = file.storyboard; name = Base; path = Base.lproj/LaunchScreen.storyboard; sourceTree = "<group>"; };
		EB1EE8CE2944249C006ED107 /* Info.plist */ = {isa = PBXFileReference; lastKnownFileType = text.plist.xml; path = Info.plist; sourceTree = "<group>"; };
		EB1EE8D42944E87F006ED107 /* LoginViewController.swift */ = {isa = PBXFileReference; lastKnownFileType = sourcecode.swift; path = LoginViewController.swift; sourceTree = "<group>"; };
		EB1EE8D62944E88E006ED107 /* HomeViewController.swift */ = {isa = PBXFileReference; lastKnownFileType = sourcecode.swift; path = HomeViewController.swift; sourceTree = "<group>"; };
		EB1EE8DA2944E947006ED107 /* LibraryViewController.swift */ = {isa = PBXFileReference; lastKnownFileType = sourcecode.swift; path = LibraryViewController.swift; sourceTree = "<group>"; };
		EB1EE8DC2944E95B006ED107 /* SettingViewController.swift */ = {isa = PBXFileReference; lastKnownFileType = sourcecode.swift; path = SettingViewController.swift; sourceTree = "<group>"; };
		EB1EE8DE2944E9E3006ED107 /* NewAccountViewController.swift */ = {isa = PBXFileReference; lastKnownFileType = sourcecode.swift; path = NewAccountViewController.swift; sourceTree = "<group>"; };
		EB1EE8E02945B1AF006ED107 /* ProfileViewController.swift */ = {isa = PBXFileReference; lastKnownFileType = sourcecode.swift; path = ProfileViewController.swift; sourceTree = "<group>"; };
		EB41E1AD296C41E800EBAF38 /* Const.swift */ = {isa = PBXFileReference; lastKnownFileType = sourcecode.swift; path = Const.swift; sourceTree = "<group>"; };
		EB41E1B1296D656B00EBAF38 /* CollectionViewCell.swift */ = {isa = PBXFileReference; lastKnownFileType = sourcecode.swift; path = CollectionViewCell.swift; sourceTree = "<group>"; };
		EB41E1B2296D656B00EBAF38 /* CollectionViewCell.xib */ = {isa = PBXFileReference; lastKnownFileType = file.xib; path = CollectionViewCell.xib; sourceTree = "<group>"; };
		EB41E1B5296D712D00EBAF38 /* PostData.swift */ = {isa = PBXFileReference; lastKnownFileType = sourcecode.swift; path = PostData.swift; sourceTree = "<group>"; };
		EB54B5C82946C7EF00174065 /* TabBarController.swift */ = {isa = PBXFileReference; lastKnownFileType = sourcecode.swift; path = TabBarController.swift; sourceTree = "<group>"; };
		EB54B5CA2946E8EE00174065 /* UIColorHex.swift */ = {isa = PBXFileReference; lastKnownFileType = sourcecode.swift; path = UIColorHex.swift; sourceTree = "<group>"; };
		EB54B5D0294C0C2800174065 /* GoogleService-Info.plist */ = {isa = PBXFileReference; fileEncoding = 4; lastKnownFileType = text.plist.xml; path = "GoogleService-Info.plist"; sourceTree = "<group>"; };
		EB8E75F0296553F200C419BE /* PostViewController.swift */ = {isa = PBXFileReference; lastKnownFileType = sourcecode.swift; path = PostViewController.swift; sourceTree = "<group>"; };
		EB8E75F22966F1CA00C419BE /* CompletePostViewController.swift */ = {isa = PBXFileReference; lastKnownFileType = sourcecode.swift; path = CompletePostViewController.swift; sourceTree = "<group>"; };
		EBE77E86295490E000AEC826 /* PopoverViewController.swift */ = {isa = PBXFileReference; lastKnownFileType = sourcecode.swift; path = PopoverViewController.swift; sourceTree = "<group>"; };
		EBFA0AE7294CAF6700334BC0 /* NavigationViewController.swift */ = {isa = PBXFileReference; lastKnownFileType = sourcecode.swift; path = NavigationViewController.swift; sourceTree = "<group>"; };
/* End PBXFileReference section */

/* Begin PBXFrameworksBuildPhase section */
		EB1EE8BA2944249B006ED107 /* Frameworks */ = {
			isa = PBXFrameworksBuildPhase;
			buildActionMask = 2147483647;
			files = (
				A26D2E9594EA6AA07BC8EF23 /* Pods_JapanQ.framework in Frameworks */,
			);
			runOnlyForDeploymentPostprocessing = 0;
		};
/* End PBXFrameworksBuildPhase section */

/* Begin PBXGroup section */
		379E11B5388F2BC26133B476 /* Frameworks */ = {
			isa = PBXGroup;
			children = (
				B95D64678CF7429C188F2066 /* Pods_JapanQ.framework */,
			);
			name = Frameworks;
			sourceTree = "<group>";
		};
		89073FD665C3394CEFFB0E6A /* Pods */ = {
			isa = PBXGroup;
			children = (
				42414FD7D0BE6E2AE2150E6B /* Pods-SwiftQ.debug.xcconfig */,
				9C93921C111DC5DB2CD59CF6 /* Pods-SwiftQ.release.xcconfig */,
				6C723140CE6647F9B4260351 /* Pods-JapanQ.debug.xcconfig */,
				9AD76F4E4323BC11B3CE14EF /* Pods-JapanQ.release.xcconfig */,
			);
			path = Pods;
			sourceTree = "<group>";
		};
		EB1EE8B42944249B006ED107 = {
			isa = PBXGroup;
			children = (
				EB1EE8BF2944249B006ED107 /* JapanQ */,
				EB1EE8BE2944249B006ED107 /* Products */,
				89073FD665C3394CEFFB0E6A /* Pods */,
				379E11B5388F2BC26133B476 /* Frameworks */,
			);
			sourceTree = "<group>";
		};
		EB1EE8BE2944249B006ED107 /* Products */ = {
			isa = PBXGroup;
			children = (
				EB1EE8BD2944249B006ED107 /* JapanQ.app */,
			);
			name = Products;
			sourceTree = "<group>";
		};
		EB1EE8BF2944249B006ED107 /* JapanQ */ = {
			isa = PBXGroup;
			children = (
				EB1EE8C02944249B006ED107 /* AppDelegate.swift */,
				EB1EE8C22944249B006ED107 /* SceneDelegate.swift */,
				EB54B5CA2946E8EE00174065 /* UIColorHex.swift */,
				EBFA0AE7294CAF6700334BC0 /* NavigationViewController.swift */,
				EB54B5C82946C7EF00174065 /* TabBarController.swift */,
				EB1EE8D42944E87F006ED107 /* LoginViewController.swift */,
				EB1EE8DE2944E9E3006ED107 /* NewAccountViewController.swift */,
				EB1EE8D62944E88E006ED107 /* HomeViewController.swift */,
				EB1EE8DA2944E947006ED107 /* LibraryViewController.swift */,
				EB07ABD82971356700792AA3 /* ShowPostViewController.swift */,
				EB0CFDDB297F1581005ABBF6 /* ComentsViewController.swift */,
				EB41E1B1296D656B00EBAF38 /* CollectionViewCell.swift */,
				EB41E1B2296D656B00EBAF38 /* CollectionViewCell.xib */,
				EB8E75F0296553F200C419BE /* PostViewController.swift */,
				EB8E75F22966F1CA00C419BE /* CompletePostViewController.swift */,
				EB41E1B5296D712D00EBAF38 /* PostData.swift */,
				EB41E1AD296C41E800EBAF38 /* Const.swift */,
				EB1EE8E02945B1AF006ED107 /* ProfileViewController.swift */,
				EB1EE8DC2944E95B006ED107 /* SettingViewController.swift */,
				EBE77E86295490E000AEC826 /* PopoverViewController.swift */,
				EB1EE8C62944249B006ED107 /* Main.storyboard */,
				EB1EE8C92944249C006ED107 /* Assets.xcassets */,
				EB1EE8CB2944249C006ED107 /* LaunchScreen.storyboard */,
				EB1EE8CE2944249C006ED107 /* Info.plist */,
				EB54B5D0294C0C2800174065 /* GoogleService-Info.plist */,
			);
			path = JapanQ;
			sourceTree = "<group>";
		};
/* End PBXGroup section */

/* Begin PBXNativeTarget section */
		EB1EE8BC2944249B006ED107 /* JapanQ */ = {
			isa = PBXNativeTarget;
			buildConfigurationList = EB1EE8D12944249C006ED107 /* Build configuration list for PBXNativeTarget "JapanQ" */;
			buildPhases = (
				FC264C192FBE6F011837810F /* [CP] Check Pods Manifest.lock */,
				EB1EE8B92944249B006ED107 /* Sources */,
				EB1EE8BA2944249B006ED107 /* Frameworks */,
				EB1EE8BB2944249B006ED107 /* Resources */,
				7DF9DBCB71B2306210E79AD6 /* [CP] Embed Pods Frameworks */,
			);
			buildRules = (
			);
			dependencies = (
			);
			name = JapanQ;
			productName = SwiftQ;
			productReference = EB1EE8BD2944249B006ED107 /* JapanQ.app */;
			productType = "com.apple.product-type.application";
		};
/* End PBXNativeTarget section */

/* Begin PBXProject section */
		EB1EE8B52944249B006ED107 /* Project object */ = {
			isa = PBXProject;
			attributes = {
				BuildIndependentTargetsInParallel = 1;
				LastSwiftUpdateCheck = 1310;
				LastUpgradeCheck = 1310;
				TargetAttributes = {
					EB1EE8BC2944249B006ED107 = {
						CreatedOnToolsVersion = 13.1;
					};
				};
			};
			buildConfigurationList = EB1EE8B82944249B006ED107 /* Build configuration list for PBXProject "JapanQ" */;
			compatibilityVersion = "Xcode 13.0";
			developmentRegion = en;
			hasScannedForEncodings = 0;
			knownRegions = (
				en,
				Base,
			);
			mainGroup = EB1EE8B42944249B006ED107;
			productRefGroup = EB1EE8BE2944249B006ED107 /* Products */;
			projectDirPath = "";
			projectRoot = "";
			targets = (
				EB1EE8BC2944249B006ED107 /* JapanQ */,
			);
		};
/* End PBXProject section */

/* Begin PBXResourcesBuildPhase section */
		EB1EE8BB2944249B006ED107 /* Resources */ = {
			isa = PBXResourcesBuildPhase;
			buildActionMask = 2147483647;
			files = (
				EB1EE8CD2944249C006ED107 /* LaunchScreen.storyboard in Resources */,
				EB54B5D1294C0C2800174065 /* GoogleService-Info.plist in Resources */,
				EB1EE8C82944249B006ED107 /* Main.storyboard in Resources */,
				EB41E1B4296D656B00EBAF38 /* CollectionViewCell.xib in Resources */,
				EB3D931D2983F2BA002D306C /* Assets.xcassets in Resources */,
			);
			runOnlyForDeploymentPostprocessing = 0;
		};
/* End PBXResourcesBuildPhase section */

/* Begin PBXShellScriptBuildPhase section */
		7DF9DBCB71B2306210E79AD6 /* [CP] Embed Pods Frameworks */ = {
			isa = PBXShellScriptBuildPhase;
			buildActionMask = 2147483647;
			files = (
			);
			inputFileListPaths = (
				"${PODS_ROOT}/Target Support Files/Pods-JapanQ/Pods-JapanQ-frameworks-${CONFIGURATION}-input-files.xcfilelist",
			);
			name = "[CP] Embed Pods Frameworks";
			outputFileListPaths = (
				"${PODS_ROOT}/Target Support Files/Pods-JapanQ/Pods-JapanQ-frameworks-${CONFIGURATION}-output-files.xcfilelist",
			);
			runOnlyForDeploymentPostprocessing = 0;
			shellPath = /bin/sh;
			shellScript = "\"${PODS_ROOT}/Target Support Files/Pods-JapanQ/Pods-JapanQ-frameworks.sh\"\n";
			showEnvVarsInLog = 0;
		};
		FC264C192FBE6F011837810F /* [CP] Check Pods Manifest.lock */ = {
			isa = PBXShellScriptBuildPhase;
			buildActionMask = 2147483647;
			files = (
			);
			inputFileListPaths = (
			);
			inputPaths = (
				"${PODS_PODFILE_DIR_PATH}/Podfile.lock",
				"${PODS_ROOT}/Manifest.lock",
			);
			name = "[CP] Check Pods Manifest.lock";
			outputFileListPaths = (
			);
			outputPaths = (
				"$(DERIVED_FILE_DIR)/Pods-JapanQ-checkManifestLockResult.txt",
			);
			runOnlyForDeploymentPostprocessing = 0;
			shellPath = /bin/sh;
			shellScript = "diff \"${PODS_PODFILE_DIR_PATH}/Podfile.lock\" \"${PODS_ROOT}/Manifest.lock\" > /dev/null\nif [ $? != 0 ] ; then\n    # print error to STDERR\n    echo \"error: The sandbox is not in sync with the Podfile.lock. Run 'pod install' or update your CocoaPods installation.\" >&2\n    exit 1\nfi\n# This output is used by Xcode 'outputs' to avoid re-running this script phase.\necho \"SUCCESS\" > \"${SCRIPT_OUTPUT_FILE_0}\"\n";
			showEnvVarsInLog = 0;
		};
/* End PBXShellScriptBuildPhase section */

/* Begin PBXSourcesBuildPhase section */
		EB1EE8B92944249B006ED107 /* Sources */ = {
			isa = PBXSourcesBuildPhase;
			buildActionMask = 2147483647;
			files = (
				EBFA0AE8294CAF6700334BC0 /* NavigationViewController.swift in Sources */,
				EBE77E87295490E000AEC826 /* PopoverViewController.swift in Sources */,
				EB0CFDDC297F1581005ABBF6 /* ComentsViewController.swift in Sources */,
				EB41E1B3296D656B00EBAF38 /* CollectionViewCell.swift in Sources */,
				EB1EE8D72944E88E006ED107 /* HomeViewController.swift in Sources */,
				EB8E75F1296553F200C419BE /* PostViewController.swift in Sources */,
				EB1EE8E12945B1AF006ED107 /* ProfileViewController.swift in Sources */,
				EB54B5C92946C7EF00174065 /* TabBarController.swift in Sources */,
				EB1EE8D52944E87F006ED107 /* LoginViewController.swift in Sources */,
				EB1EE8DD2944E95B006ED107 /* SettingViewController.swift in Sources */,
				EB1EE8DF2944E9E3006ED107 /* NewAccountViewController.swift in Sources */,
				EB41E1B6296D712D00EBAF38 /* PostData.swift in Sources */,
				EB1EE8DB2944E947006ED107 /* LibraryViewController.swift in Sources */,
				EB1EE8C12944249B006ED107 /* AppDelegate.swift in Sources */,
				EB1EE8C32944249B006ED107 /* SceneDelegate.swift in Sources */,
				EB8E75F32966F1CA00C419BE /* CompletePostViewController.swift in Sources */,
				EB07ABD92971356700792AA3 /* ShowPostViewController.swift in Sources */,
				EB54B5CB2946E8EE00174065 /* UIColorHex.swift in Sources */,
				EB41E1AE296C41E800EBAF38 /* Const.swift in Sources */,
			);
			runOnlyForDeploymentPostprocessing = 0;
		};
/* End PBXSourcesBuildPhase section */

/* Begin PBXVariantGroup section */
		EB1EE8C62944249B006ED107 /* Main.storyboard */ = {
			isa = PBXVariantGroup;
			children = (
				EB1EE8C72944249B006ED107 /* Base */,
			);
			name = Main.storyboard;
			sourceTree = "<group>";
		};
		EB1EE8CB2944249C006ED107 /* LaunchScreen.storyboard */ = {
			isa = PBXVariantGroup;
			children = (
				EB1EE8CC2944249C006ED107 /* Base */,
			);
			name = LaunchScreen.storyboard;
			sourceTree = "<group>";
		};
/* End PBXVariantGroup section */

/* Begin XCBuildConfiguration section */
		EB1EE8CF2944249C006ED107 /* Debug */ = {
			isa = XCBuildConfiguration;
			buildSettings = {
				ALWAYS_SEARCH_USER_PATHS = NO;
				CLANG_ANALYZER_NONNULL = YES;
				CLANG_ANALYZER_NUMBER_OBJECT_CONVERSION = YES_AGGRESSIVE;
				CLANG_CXX_LANGUAGE_STANDARD = "gnu++17";
				CLANG_CXX_LIBRARY = "libc++";
				CLANG_ENABLE_MODULES = YES;
				CLANG_ENABLE_OBJC_ARC = YES;
				CLANG_ENABLE_OBJC_WEAK = YES;
				CLANG_WARN_BLOCK_CAPTURE_AUTORELEASING = YES;
				CLANG_WARN_BOOL_CONVERSION = YES;
				CLANG_WARN_COMMA = YES;
				CLANG_WARN_CONSTANT_CONVERSION = YES;
				CLANG_WARN_DEPRECATED_OBJC_IMPLEMENTATIONS = YES;
				CLANG_WARN_DIRECT_OBJC_ISA_USAGE = YES_ERROR;
				CLANG_WARN_DOCUMENTATION_COMMENTS = YES;
				CLANG_WARN_EMPTY_BODY = YES;
				CLANG_WARN_ENUM_CONVERSION = YES;
				CLANG_WARN_INFINITE_RECURSION = YES;
				CLANG_WARN_INT_CONVERSION = YES;
				CLANG_WARN_NON_LITERAL_NULL_CONVERSION = YES;
				CLANG_WARN_OBJC_IMPLICIT_RETAIN_SELF = YES;
				CLANG_WARN_OBJC_LITERAL_CONVERSION = YES;
				CLANG_WARN_OBJC_ROOT_CLASS = YES_ERROR;
				CLANG_WARN_QUOTED_INCLUDE_IN_FRAMEWORK_HEADER = YES;
				CLANG_WARN_RANGE_LOOP_ANALYSIS = YES;
				CLANG_WARN_STRICT_PROTOTYPES = YES;
				CLANG_WARN_SUSPICIOUS_MOVE = YES;
				CLANG_WARN_UNGUARDED_AVAILABILITY = YES_AGGRESSIVE;
				CLANG_WARN_UNREACHABLE_CODE = YES;
				CLANG_WARN__DUPLICATE_METHOD_MATCH = YES;
				COPY_PHASE_STRIP = NO;
				DEBUG_INFORMATION_FORMAT = dwarf;
				ENABLE_STRICT_OBJC_MSGSEND = YES;
				ENABLE_TESTABILITY = YES;
				GCC_C_LANGUAGE_STANDARD = gnu11;
				GCC_DYNAMIC_NO_PIC = NO;
				GCC_NO_COMMON_BLOCKS = YES;
				GCC_OPTIMIZATION_LEVEL = 0;
				GCC_PREPROCESSOR_DEFINITIONS = (
					"DEBUG=1",
					"$(inherited)",
				);
				GCC_WARN_64_TO_32_BIT_CONVERSION = YES;
				GCC_WARN_ABOUT_RETURN_TYPE = YES_ERROR;
				GCC_WARN_UNDECLARED_SELECTOR = YES;
				GCC_WARN_UNINITIALIZED_AUTOS = YES_AGGRESSIVE;
				GCC_WARN_UNUSED_FUNCTION = YES;
				GCC_WARN_UNUSED_VARIABLE = YES;
				IPHONEOS_DEPLOYMENT_TARGET = 15.0;
				MTL_ENABLE_DEBUG_INFO = INCLUDE_SOURCE;
				MTL_FAST_MATH = YES;
				ONLY_ACTIVE_ARCH = YES;
				SDKROOT = iphoneos;
				SWIFT_ACTIVE_COMPILATION_CONDITIONS = DEBUG;
				SWIFT_OPTIMIZATION_LEVEL = "-Onone";
			};
			name = Debug;
		};
		EB1EE8D02944249C006ED107 /* Release */ = {
			isa = XCBuildConfiguration;
			buildSettings = {
				ALWAYS_SEARCH_USER_PATHS = NO;
				CLANG_ANALYZER_NONNULL = YES;
				CLANG_ANALYZER_NUMBER_OBJECT_CONVERSION = YES_AGGRESSIVE;
				CLANG_CXX_LANGUAGE_STANDARD = "gnu++17";
				CLANG_CXX_LIBRARY = "libc++";
				CLANG_ENABLE_MODULES = YES;
				CLANG_ENABLE_OBJC_ARC = YES;
				CLANG_ENABLE_OBJC_WEAK = YES;
				CLANG_WARN_BLOCK_CAPTURE_AUTORELEASING = YES;
				CLANG_WARN_BOOL_CONVERSION = YES;
				CLANG_WARN_COMMA = YES;
				CLANG_WARN_CONSTANT_CONVERSION = YES;
				CLANG_WARN_DEPRECATED_OBJC_IMPLEMENTATIONS = YES;
				CLANG_WARN_DIRECT_OBJC_ISA_USAGE = YES_ERROR;
				CLANG_WARN_DOCUMENTATION_COMMENTS = YES;
				CLANG_WARN_EMPTY_BODY = YES;
				CLANG_WARN_ENUM_CONVERSION = YES;
				CLANG_WARN_INFINITE_RECURSION = YES;
				CLANG_WARN_INT_CONVERSION = YES;
				CLANG_WARN_NON_LITERAL_NULL_CONVERSION = YES;
				CLANG_WARN_OBJC_IMPLICIT_RETAIN_SELF = YES;
				CLANG_WARN_OBJC_LITERAL_CONVERSION = YES;
				CLANG_WARN_OBJC_ROOT_CLASS = YES_ERROR;
				CLANG_WARN_QUOTED_INCLUDE_IN_FRAMEWORK_HEADER = YES;
				CLANG_WARN_RANGE_LOOP_ANALYSIS = YES;
				CLANG_WARN_STRICT_PROTOTYPES = YES;
				CLANG_WARN_SUSPICIOUS_MOVE = YES;
				CLANG_WARN_UNGUARDED_AVAILABILITY = YES_AGGRESSIVE;
				CLANG_WARN_UNREACHABLE_CODE = YES;
				CLANG_WARN__DUPLICATE_METHOD_MATCH = YES;
				COPY_PHASE_STRIP = NO;
				DEBUG_INFORMATION_FORMAT = "dwarf-with-dsym";
				ENABLE_NS_ASSERTIONS = NO;
				ENABLE_STRICT_OBJC_MSGSEND = YES;
				GCC_C_LANGUAGE_STANDARD = gnu11;
				GCC_NO_COMMON_BLOCKS = YES;
				GCC_WARN_64_TO_32_BIT_CONVERSION = YES;
				GCC_WARN_ABOUT_RETURN_TYPE = YES_ERROR;
				GCC_WARN_UNDECLARED_SELECTOR = YES;
				GCC_WARN_UNINITIALIZED_AUTOS = YES_AGGRESSIVE;
				GCC_WARN_UNUSED_FUNCTION = YES;
				GCC_WARN_UNUSED_VARIABLE = YES;
				IPHONEOS_DEPLOYMENT_TARGET = 15.0;
				MTL_ENABLE_DEBUG_INFO = NO;
				MTL_FAST_MATH = YES;
				SDKROOT = iphoneos;
				SWIFT_COMPILATION_MODE = wholemodule;
				SWIFT_OPTIMIZATION_LEVEL = "-O";
				VALIDATE_PRODUCT = YES;
			};
			name = Release;
		};
		EB1EE8D22944249C006ED107 /* Debug */ = {
			isa = XCBuildConfiguration;
			baseConfigurationReference = 6C723140CE6647F9B4260351 /* Pods-JapanQ.debug.xcconfig */;
			buildSettings = {
				ASSETCATALOG_COMPILER_APPICON_NAME = AppIcon;
				ASSETCATALOG_COMPILER_GLOBAL_ACCENT_COLOR_NAME = AccentColor;
				CODE_SIGN_STYLE = Automatic;
				CURRENT_PROJECT_VERSION = 1;
				DEVELOPMENT_TEAM = 8AVAU3YFL2;
				GENERATE_INFOPLIST_FILE = YES;
				INFOPLIST_FILE = JapanQ/Info.plist;
				INFOPLIST_KEY_CFBundleDisplayName = JapanQ;
				INFOPLIST_KEY_LSApplicationCategoryType = "";
				INFOPLIST_KEY_NSCameraUsageDescription = "";
				INFOPLIST_KEY_UIApplicationSupportsIndirectInputEvents = YES;
				INFOPLIST_KEY_UILaunchStoryboardName = LaunchScreen;
				INFOPLIST_KEY_UIMainStoryboardFile = Main;
				INFOPLIST_KEY_UISupportedInterfaceOrientations_iPad = "UIInterfaceOrientationPortrait UIInterfaceOrientationPortraitUpsideDown UIInterfaceOrientationLandscapeLeft UIInterfaceOrientationLandscapeRight";
				INFOPLIST_KEY_UISupportedInterfaceOrientations_iPhone = UIInterfaceOrientationPortrait;
				LD_RUNPATH_SEARCH_PATHS = (
					"$(inherited)",
					"@executable_path/Frameworks",
				);
				MARKETING_VERSION = 1.0;
				PRODUCT_BUNDLE_IDENTIFIER = com.koi.takahiro.JapanQ;
				PRODUCT_NAME = "$(TARGET_NAME)";
				SWIFT_EMIT_LOC_STRINGS = YES;
				SWIFT_VERSION = 5.0;
				TARGETED_DEVICE_FAMILY = 1;
			};
			name = Debug;
		};
		EB1EE8D32944249C006ED107 /* Release */ = {
			isa = XCBuildConfiguration;
			baseConfigurationReference = 9AD76F4E4323BC11B3CE14EF /* Pods-JapanQ.release.xcconfig */;
			buildSettings = {
				ASSETCATALOG_COMPILER_APPICON_NAME = AppIcon;
				ASSETCATALOG_COMPILER_GLOBAL_ACCENT_COLOR_NAME = AccentColor;
				CODE_SIGN_STYLE = Automatic;
				CURRENT_PROJECT_VERSION = 1;
				DEVELOPMENT_TEAM = 8AVAU3YFL2;
				GENERATE_INFOPLIST_FILE = YES;
				INFOPLIST_FILE = JapanQ/Info.plist;
				INFOPLIST_KEY_CFBundleDisplayName = JapanQ;
				INFOPLIST_KEY_LSApplicationCategoryType = "";
				INFOPLIST_KEY_NSCameraUsageDescription = "";
				INFOPLIST_KEY_UIApplicationSupportsIndirectInputEvents = YES;
				INFOPLIST_KEY_UILaunchStoryboardName = LaunchScreen;
				INFOPLIST_KEY_UIMainStoryboardFile = Main;
				INFOPLIST_KEY_UISupportedInterfaceOrientations_iPad = "UIInterfaceOrientationPortrait UIInterfaceOrientationPortraitUpsideDown UIInterfaceOrientationLandscapeLeft UIInterfaceOrientationLandscapeRight";
				INFOPLIST_KEY_UISupportedInterfaceOrientations_iPhone = UIInterfaceOrientationPortrait;
				LD_RUNPATH_SEARCH_PATHS = (
					"$(inherited)",
					"@executable_path/Frameworks",
				);
				MARKETING_VERSION = 1.0;
				PRODUCT_BUNDLE_IDENTIFIER = com.koi.takahiro.JapanQ;
				PRODUCT_NAME = "$(TARGET_NAME)";
				SWIFT_EMIT_LOC_STRINGS = YES;
				SWIFT_VERSION = 5.0;
				TARGETED_DEVICE_FAMILY = 1;
			};
			name = Release;
		};
/* End XCBuildConfiguration section */

/* Begin XCConfigurationList section */
		EB1EE8B82944249B006ED107 /* Build configuration list for PBXProject "JapanQ" */ = {
			isa = XCConfigurationList;
			buildConfigurations = (
				EB1EE8CF2944249C006ED107 /* Debug */,
				EB1EE8D02944249C006ED107 /* Release */,
			);
			defaultConfigurationIsVisible = 0;
			defaultConfigurationName = Release;
		};
		EB1EE8D12944249C006ED107 /* Build configuration list for PBXNativeTarget "JapanQ" */ = {
			isa = XCConfigurationList;
			buildConfigurations = (
				EB1EE8D22944249C006ED107 /* Debug */,
				EB1EE8D32944249C006ED107 /* Release */,
			);
			defaultConfigurationIsVisible = 0;
			defaultConfigurationName = Release;
		};
/* End XCConfigurationList section */
	};
	rootObject = EB1EE8B52944249B006ED107 /* Project object */;
}
